# This file is automatically @generated by Cargo.
# It is not intended for manual editing.
version = 4

[[package]]
name = "swcal"
version = "0.1.0"

[[package]]
name = "swcal_ir"
version = "0.1.0"

[[package]]
name = "swcal_parsec"
version = "0.1.0"

[[package]]
name = "swcal_x64"
version = "0.1.0"
dependencies = [
 "swcal_parsec",
]
